
Microsoft Visual Studio Solution File, Format Version 12.00
# Visual Studio Version 17
VisualStudioVersion = 17.12.35521.163 d17.12
MinimumVisualStudioVersion = 10.0.40219.1
Project("{FAE04EC0-301F-11D3-BF4B-00C04F79EFBC}") = "Lab3_ORM_EF", "Lab3_ORM_EF.csproj", "{64875CF7-6810-46E0-9E1E-762F8C0FE891}"
EndProject
Global
	GlobalSection(SolutionConfigurationPlatforms) = preSolution
		Debug|Any CPU = Debug|Any CPU
		Release|Any CPU = Release|Any CPU
	EndGlobalSection
	GlobalSection(ProjectConfigurationPlatforms) = postSolution
		{64875CF7-6810-46E0-9E1E-762F8C0FE891}.Debug|Any CPU.ActiveCfg = Debug|Any CPU
		{64875CF7-6810-46E0-9E1E-762F8C0FE891}.Debug|Any CPU.Build.0 = Debug|Any CPU
		{64875CF7-6810-46E0-9E1E-762F8C0FE891}.Release|Any CPU.ActiveCfg = Release|Any CPU
		{64875CF7-6810-46E0-9E1E-762F8C0FE891}.Release|Any CPU.Build.0 = Release|Any CPU
	EndGlobalSection
	GlobalSection(SolutionProperties) = preSolution
		HideSolutionNode = FALSE
	EndGlobalSection
EndGlobal
